
Microsoft Visual Studio Solution File, Format Version 12.00
# Visual Studio Version 17
VisualStudioVersion = 17.2.32616.157
MinimumVisualStudioVersion = 10.0.40219.1
Project("{FAE04EC0-301F-11D3-BF4B-00C04F79EFBC}") = "ListaIndirizzi", "ListaIndirizzi.csproj", "{DD1ADA7A-3C8D-49EE-A219-8705342FA5C8}"
EndProject
Global
	GlobalSection(SolutionConfigurationPlatforms) = preSolution
		Debug|Any CPU = Debug|Any CPU
		Release|Any CPU = Release|Any CPU
	EndGlobalSection
	GlobalSection(ProjectConfigurationPlatforms) = postSolution
		{DD1ADA7A-3C8D-49EE-A219-8705342FA5C8}.Debug|Any CPU.ActiveCfg = Debug|Any CPU
		{DD1ADA7A-3C8D-49EE-A219-8705342FA5C8}.Debug|Any CPU.Build.0 = Debug|Any CPU
		{DD1ADA7A-3C8D-49EE-A219-8705342FA5C8}.Release|Any CPU.ActiveCfg = Release|Any CPU
		{DD1ADA7A-3C8D-49EE-A219-8705342FA5C8}.Release|Any CPU.Build.0 = Release|Any CPU
	EndGlobalSection
	GlobalSection(SolutionProperties) = preSolution
		HideSolutionNode = FALSE
	EndGlobalSection
	GlobalSection(ExtensibilityGlobals) = postSolution
		SolutionGuid = {77087640-E5AA-419E-8985-695E01240E1F}
	EndGlobalSection
EndGlobal
